gitee.com/taojun319/tjtools v0.0.0-20191104140612-dfffa49e0289 h1:xNj/BOCZ3HjZnQYSykM4e6v84vlUNh9Ba5p5Um9TEGE=
gitee.com/taojun319/tjtools v0.0.0-20191104140612-dfffa49e0289/go.mod h1:oidR4ATYa98tNvxmziw6Q/VkeUDGmMOgSnaD7tqwlng=
github.com/robfig/cron v1.2.0 h1:ZjScXvvxeQ63Dbyxy76Fj3AT3Ut0aKsyd2/tl3DTMuQ=
github.com/robfig/cron v1.2.0/go.mod h1:JGuDeoQd7Z6yL4zQhZ3OPEVHB7fL6Ka6skscFHfmt2k=
github.com/robfig/cron/v3 v3.0.1 h1:WdRxkvbJztn8LMz/QEvLN5sBU+xKpSqwwUO1Pjr4qDs=
github.com/robfig/cron/v3 v3.0.1/go.mod h1:eQICP3HwyT7UooqI/z+Ov+PtYAWygg1TEWWzGIFLtro=
