gitee.com/taojun319/tjtools v0.0.0-20191104081531-77bd12a93278 h1:y5kQipo1sbhqGRf8Ri/8V05xC8qgA1D4B+ELgBMBVhY=
gitee.com/taojun319/tjtools v0.0.0-20191104081531-77bd12a93278/go.mod h1:oidR4ATYa98tNvxmziw6Q/VkeUDGmMOgSnaD7tqwlng=
gitee.com/taojun319/tjtools v0.0.0-20191114044725-aed1b77045be h1:u/4KCdjhQbCKanl+iffSOs4SZ/yWZ4C8oF0Go4jKA0I=
gitee.com/taojun319/tjtools v0.0.0-20191114044725-aed1b77045be/go.mod h1:oidR4ATYa98tNvxmziw6Q/VkeUDGmMOgSnaD7tqwlng=
github.com/ccpaging/nxlog4go v0.9.4 h1:vZqi2ZeOBFZRTuCZ7TY9MkMNXx3+wlXfFKACBDUjxys=
github.com/ccpaging/nxlog4go v0.9.4/go.mod h1:tqa/3vRAxQHcKmPnXyINOM+1bL3of6GlACPOs3pPM6M=
